
Microsoft Visual Studio Solution File, Format Version 12.00
# Visual Studio Version 16
VisualStudioVersion = 16.0.31515.178
MinimumVisualStudioVersion = 10.0.40219.1
Project("{FAE04EC0-301F-11D3-BF4B-00C04F79EFBC}") = "LR2_Miltsev", "LR2_Miltsev.csproj", "{C9C4F1A1-E900-4F16-8C0C-2958DE9AF6CB}"
EndProject
Global
	GlobalSection(SolutionConfigurationPlatforms) = preSolution
		Debug|Any CPU = Debug|Any CPU
		Release|Any CPU = Release|Any CPU
	EndGlobalSection
	GlobalSection(ProjectConfigurationPlatforms) = postSolution
		{C9C4F1A1-E900-4F16-8C0C-2958DE9AF6CB}.Debug|Any CPU.ActiveCfg = Debug|Any CPU
		{C9C4F1A1-E900-4F16-8C0C-2958DE9AF6CB}.Debug|Any CPU.Build.0 = Debug|Any CPU
		{C9C4F1A1-E900-4F16-8C0C-2958DE9AF6CB}.Release|Any CPU.ActiveCfg = Release|Any CPU
		{C9C4F1A1-E900-4F16-8C0C-2958DE9AF6CB}.Release|Any CPU.Build.0 = Release|Any CPU
	EndGlobalSection
	GlobalSection(SolutionProperties) = preSolution
		HideSolutionNode = FALSE
	EndGlobalSection
	GlobalSection(ExtensibilityGlobals) = postSolution
		SolutionGuid = {308B98DA-8A48-4F0C-9A84-3D049E679C6E}
	EndGlobalSection
EndGlobal
